
Microsoft Visual Studio Solution File, Format Version 12.00
# Visual Studio Version 16
VisualStudioVersion = 16.0.29613.14
MinimumVisualStudioVersion = 10.0.40219.1
Project("{FAE04EC0-301F-11D3-BF4B-00C04F79EFBC}") = "Program1", "Program1\Program1.csproj", "{052A639D-CADA-4435-ACB1-034849A31FAD}"
EndProject
Global
	GlobalSection(SolutionConfigurationPlatforms) = preSolution
		Debug|Any CPU = Debug|Any CPU
		Release|Any CPU = Release|Any CPU
	EndGlobalSection
	GlobalSection(ProjectConfigurationPlatforms) = postSolution
		{052A639D-CADA-4435-ACB1-034849A31FAD}.Debug|Any CPU.ActiveCfg = Debug|Any CPU
		{052A639D-CADA-4435-ACB1-034849A31FAD}.Debug|Any CPU.Build.0 = Debug|Any CPU
		{052A639D-CADA-4435-ACB1-034849A31FAD}.Release|Any CPU.ActiveCfg = Release|Any CPU
		{052A639D-CADA-4435-ACB1-034849A31FAD}.Release|Any CPU.Build.0 = Release|Any CPU
	EndGlobalSection
	GlobalSection(SolutionProperties) = preSolution
		HideSolutionNode = FALSE
	EndGlobalSection
	GlobalSection(ExtensibilityGlobals) = postSolution
		SolutionGuid = {FBFED2C5-E3F3-41A3-B7C5-6D160DA4F72B}
	EndGlobalSection
EndGlobal
